
Microsoft Visual Studio Solution File, Format Version 12.00
# Visual Studio Version 16
VisualStudioVersion = 16.0.30523.141
MinimumVisualStudioVersion = 10.0.40219.1
Project("{FAE04EC0-301F-11D3-BF4B-00C04F79EFBC}") = "Third", "Third\Third.csproj", "{96DB255F-7E6E-4E03-AAA1-0DDEBA5A356C}"
EndProject
Global
	GlobalSection(SolutionConfigurationPlatforms) = preSolution
		Debug|Any CPU = Debug|Any CPU
		Release|Any CPU = Release|Any CPU
	EndGlobalSection
	GlobalSection(ProjectConfigurationPlatforms) = postSolution
		{96DB255F-7E6E-4E03-AAA1-0DDEBA5A356C}.Debug|Any CPU.ActiveCfg = Debug|Any CPU
		{96DB255F-7E6E-4E03-AAA1-0DDEBA5A356C}.Debug|Any CPU.Build.0 = Debug|Any CPU
		{96DB255F-7E6E-4E03-AAA1-0DDEBA5A356C}.Release|Any CPU.ActiveCfg = Release|Any CPU
		{96DB255F-7E6E-4E03-AAA1-0DDEBA5A356C}.Release|Any CPU.Build.0 = Release|Any CPU
	EndGlobalSection
	GlobalSection(SolutionProperties) = preSolution
		HideSolutionNode = FALSE
	EndGlobalSection
	GlobalSection(ExtensibilityGlobals) = postSolution
		SolutionGuid = {84393064-3062-4F4B-89EA-A64C5E9482CF}
	EndGlobalSection
EndGlobal
